
Microsoft Visual Studio Solution File, Format Version 12.00
# Visual Studio Version 17
VisualStudioVersion = 17.2.32519.379
MinimumVisualStudioVersion = 10.0.40219.1
Project("{FAE04EC0-301F-11D3-BF4B-00C04F79EFBC}") = "StringSplits", "StringSplits\StringSplits.csproj", "{70834654-4CBD-4B24-B829-8AB092F36308}"
EndProject
Global
	GlobalSection(SolutionConfigurationPlatforms) = preSolution
		Debug|Any CPU = Debug|Any CPU
		Release|Any CPU = Release|Any CPU
	EndGlobalSection
	GlobalSection(ProjectConfigurationPlatforms) = postSolution
		{70834654-4CBD-4B24-B829-8AB092F36308}.Debug|Any CPU.ActiveCfg = Debug|Any CPU
		{70834654-4CBD-4B24-B829-8AB092F36308}.Debug|Any CPU.Build.0 = Debug|Any CPU
		{70834654-4CBD-4B24-B829-8AB092F36308}.Release|Any CPU.ActiveCfg = Release|Any CPU
		{70834654-4CBD-4B24-B829-8AB092F36308}.Release|Any CPU.Build.0 = Release|Any CPU
	EndGlobalSection
	GlobalSection(SolutionProperties) = preSolution
		HideSolutionNode = FALSE
	EndGlobalSection
	GlobalSection(ExtensibilityGlobals) = postSolution
		SolutionGuid = {E76FF12F-BC68-4729-919A-4660969B7D5C}
	EndGlobalSection
EndGlobal
